
Microsoft Visual Studio Solution File, Format Version 12.00
# Visual Studio Version 16
VisualStudioVersion = 16.0.30204.135
MinimumVisualStudioVersion = 10.0.40219.1
Project("{2150E333-8FDC-42A3-9474-1A3956D46DE8}") = "Src", "Src", "{98709CFF-A2C2-4479-A3C7-EC7B8F5A1FD2}"
EndProject
Project("{2150E333-8FDC-42A3-9474-1A3956D46DE8}") = "Tests", "Tests", "{4DAF3256-ABA4-4F62-A023-5CC156E6DEE0}"
EndProject
Project("{9A19103F-16F7-4668-BE54-9A1E7A4F7556}") = "RestuarantSearchService.UnitTests", "Tests\RestuarantSearchService.UnitTests\RestuarantSearchService.UnitTests.csproj", "{24EC2CEA-8918-41D4-BF5B-290723E5DD62}"
EndProject
Project("{9A19103F-16F7-4668-BE54-9A1E7A4F7556}") = "RestuarantSearchService.AcceptanceTests", "Tests\RestuarantSearchService.AcceptanceTests\RestuarantSearchService.AcceptanceTests.csproj", "{168AC869-F53D-4D0A-A085-97210D8ED12B}"
EndProject
Project("{9A19103F-16F7-4668-BE54-9A1E7A4F7556}") = "RestuarantSearchService.InMemoryTests", "Tests\RestuarantSearchService.InMemoryTests\RestuarantSearchService.InMemoryTests.csproj", "{EE952676-7F7A-4B32-AAD9-82BB3F66A9A2}"
EndProject
Project("{FAE04EC0-301F-11D3-BF4B-00C04F79EFBC}") = "Hosts", "Src\Hosts\Hosts.csproj", "{6032154E-0C3E-4589-B422-E9587CDFD3D2}"
EndProject
Global
	GlobalSection(SolutionConfigurationPlatforms) = preSolution
		Debug|Any CPU = Debug|Any CPU
		Release|Any CPU = Release|Any CPU
	EndGlobalSection
	GlobalSection(ProjectConfigurationPlatforms) = postSolution
		{24EC2CEA-8918-41D4-BF5B-290723E5DD62}.Debug|Any CPU.ActiveCfg = Debug|Any CPU
		{24EC2CEA-8918-41D4-BF5B-290723E5DD62}.Debug|Any CPU.Build.0 = Debug|Any CPU
		{24EC2CEA-8918-41D4-BF5B-290723E5DD62}.Release|Any CPU.ActiveCfg = Release|Any CPU
		{24EC2CEA-8918-41D4-BF5B-290723E5DD62}.Release|Any CPU.Build.0 = Release|Any CPU
		{168AC869-F53D-4D0A-A085-97210D8ED12B}.Debug|Any CPU.ActiveCfg = Debug|Any CPU
		{168AC869-F53D-4D0A-A085-97210D8ED12B}.Debug|Any CPU.Build.0 = Debug|Any CPU
		{168AC869-F53D-4D0A-A085-97210D8ED12B}.Release|Any CPU.ActiveCfg = Release|Any CPU
		{168AC869-F53D-4D0A-A085-97210D8ED12B}.Release|Any CPU.Build.0 = Release|Any CPU
		{EE952676-7F7A-4B32-AAD9-82BB3F66A9A2}.Debug|Any CPU.ActiveCfg = Debug|Any CPU
		{EE952676-7F7A-4B32-AAD9-82BB3F66A9A2}.Debug|Any CPU.Build.0 = Debug|Any CPU
		{EE952676-7F7A-4B32-AAD9-82BB3F66A9A2}.Release|Any CPU.ActiveCfg = Release|Any CPU
		{EE952676-7F7A-4B32-AAD9-82BB3F66A9A2}.Release|Any CPU.Build.0 = Release|Any CPU
		{6032154E-0C3E-4589-B422-E9587CDFD3D2}.Debug|Any CPU.ActiveCfg = Debug|Any CPU
		{6032154E-0C3E-4589-B422-E9587CDFD3D2}.Debug|Any CPU.Build.0 = Debug|Any CPU
		{6032154E-0C3E-4589-B422-E9587CDFD3D2}.Release|Any CPU.ActiveCfg = Release|Any CPU
		{6032154E-0C3E-4589-B422-E9587CDFD3D2}.Release|Any CPU.Build.0 = Release|Any CPU
	EndGlobalSection
	GlobalSection(SolutionProperties) = preSolution
		HideSolutionNode = FALSE
	EndGlobalSection
	GlobalSection(NestedProjects) = preSolution
		{24EC2CEA-8918-41D4-BF5B-290723E5DD62} = {4DAF3256-ABA4-4F62-A023-5CC156E6DEE0}
		{168AC869-F53D-4D0A-A085-97210D8ED12B} = {4DAF3256-ABA4-4F62-A023-5CC156E6DEE0}
		{EE952676-7F7A-4B32-AAD9-82BB3F66A9A2} = {4DAF3256-ABA4-4F62-A023-5CC156E6DEE0}
		{6032154E-0C3E-4589-B422-E9587CDFD3D2} = {98709CFF-A2C2-4479-A3C7-EC7B8F5A1FD2}
	EndGlobalSection
	GlobalSection(ExtensibilityGlobals) = postSolution
		SolutionGuid = {09ECB2AC-EADA-4944-83D5-D07DD1D78198}
	EndGlobalSection
EndGlobal
